{
  "version": 4,
  "terraform_version": "1.6.5",
  "serial": 1453,
  "lineage": "d1c4ce53-2664-a067-3035-6bc07b4d62bc",
  "outputs": {
    "ips": {
      "value": {
        "master_ips": [
          "10.22.20.10",
          "10.22.20.11",
          "10.22.20.12"
        ],
        "worker_ips": [
          "10.22.20.13",
          "10.22.20.14",
          "10.22.20.15"
        ]
      },
      "type": [
        "object",
        {
          "master_ips": [
            "tuple",
            [
              "string",
              "string",
              "string"
            ]
          ],
          "worker_ips": [
            "tuple",
            [
              "string",
              "string",
              "string"
            ]
          ]
        }
      ]
    },
    "vm_cpu": {
      "value": [
        2,
        2,
        2,
        4,
        4,
        4
      ],
      "type": [
        "tuple",
        [
          "number",
          "number",
          "number",
          "number",
          "number",
          "number"
        ]
      ]
    },
    "vm_images": {
      "value": "/home/wonko/ISOs/ubuntu-24.04-server-cloudimg-amd64.img",
      "type": "string"
    },
    "vm_list": {
      "value": [
        "master1",
        "master2",
        "master3",
        "worker1",
        "worker2",
        "worker3"
      ],
      "type": [
        "list",
        "string"
      ]
    }
  },
  "resources": [
    {
      "mode": "data",
      "type": "template_file",
      "name": "network_config",
      "provider": "provider[\"registry.terraform.io/hashicorp/template\"]",
      "instances": [
        {
          "schema_version": 0,
          "attributes": {
            "filename": null,
            "id": "cbcd9f863432715e40cacc08979d6f7cea2d6c001bf0ca8b4e69eb527c9cda73",
            "rendered": "version: 2\nethernets:\n  ens3:\n    dhcp4: true\n  ens4:\n    dhcp4: true\n",
            "template": "version: 2\nethernets:\n  ens3:\n    dhcp4: true\n  ens4:\n    dhcp4: true\n",
            "vars": null
          },
          "sensitive_attributes": []
        }
      ]
    },
    {
      "mode": "data",
      "type": "template_file",
      "name": "user_data",
      "provider": "provider[\"registry.terraform.io/hashicorp/template\"]",
      "instances": [
        {
          "index_key": 0,
          "schema_version": 0,
          "attributes": {
            "filename": null,
            "id": "d52a94b7cd82b172fbc2c685e8a18578fc5dd3e519e7309771b8de6d2497184a",
            "rendered": "#cloud-config\n\nmanage_etc_hosts: true\nusers:\n  - name: wonko\n    sudo: ALL=(ALL) NOPASSWD:ALL\n    groups: users, admin\n    home: /home/wonko\n    shell: /bin/bash\n    lock_passwd: false\n    ssh-authorized-keys:\n      - ssh-rsa AAAAB3NzaC1yc2EAAAADAQABAAACAQCuJCWOjC5DjMZkbNvb4+Ma/qP1U0/rWV854rnU819TAR/+mH58I06nWK0m5a2b6e1k61V8ZXn+gB8SpsBSeDS4kNQNzrAtIZC7vJnfz55dHwGfqWbHGDeH5yujuTrPnHD4Ip4WAIUlgMo24z4d658Kz7SA/KqZiXvQNKuUrRdLPckUzAwqa0FeboRx68NJDrHv9tOEStSIeJCVLV0AJeGz3Fztz0uS1eVZzXLVurSSwuJXiReq7hgaec3UWXHz8KYiqp/hyLaJVWnDMEnYiidZGwal7jxePpM7iVSHAdyh2m1FK8tgbM7f8m7TkcKoh1vO1umGNM693130ghaZIpCCWva8TpvvmANN7TNKtay+/oec3Mq/kim5xNjlskJy2gVu/1AoG6C/N21eCrhOalYP1iFeqXzNDHsWaKmQ0iDUFDY3yGwlDTShCkD7jrMaBiEA+h/ndicT8e2z6z9T3DeJCKGDW3kz++6TJQnXb0amUmNDYaAFD/HILuOg0dd6dxoxQB+m/dfm1oBpb3gycLw5ZjmbYaNy/I+cbw9QYccHI+I0ZPNfkEEcyqslXnFEJ2gs0LABi0sFIu4mZfaEorE4Yw60d2vekCYf3LG8v+QWH72gysGUmXaV1x9lozqt+1ose7a6YJF01oybjBtJmLKJZgvj1L4ax5YQ+j4yCPlZ0Q== cardno:000615099390\n\n# only cert auth via ssh (console access can still login)\nssh_pwauth: false\ndisable_root: false\nchpasswd:\n  list: |\n     wonko:wonko\n  expire: False\n#run apt upgrade\npackage_update: true\npackage_upgrade: true\n#install packages\npackages:\n  - qemu-guest-agent\n# runcmd:\n#install docker in ubuntu\n  # - apt update -y\n  # - apt upgrade -y\nwrite_files:\n  - content: |\n      The quick brown fox jumped \n      over the lazy dog\n    path: /root/test.txt\n# written to /var/log/cloud-init-output.log\nfinal_message: \"The system is finall up, after $UPTIME seconds\"\n",
            "template": "#cloud-config\n\nmanage_etc_hosts: true\nusers:\n  - name: wonko\n    sudo: ALL=(ALL) NOPASSWD:ALL\n    groups: users, admin\n    home: /home/wonko\n    shell: /bin/bash\n    lock_passwd: false\n    ssh-authorized-keys:\n      - ${file(\"/home/wonko/.ssh/yubikey.pub\")}\n# only cert auth via ssh (console access can still login)\nssh_pwauth: false\ndisable_root: false\nchpasswd:\n  list: |\n     wonko:wonko\n  expire: False\n#run apt upgrade\npackage_update: true\npackage_upgrade: true\n#install packages\npackages:\n  - qemu-guest-agent\n# runcmd:\n#install docker in ubuntu\n  # - apt update -y\n  # - apt upgrade -y\nwrite_files:\n  - content: |\n      The quick brown fox jumped \n      over the lazy dog\n    path: /root/test.txt\n# written to /var/log/cloud-init-output.log\nfinal_message: \"The system is finall up, after $UPTIME seconds\"\n",
            "vars": {
              "fqdn": "master1.local",
              "hostname": "master1"
            }
          },
          "sensitive_attributes": []
        },
        {
          "index_key": 1,
          "schema_version": 0,
          "attributes": {
            "filename": null,
            "id": "d52a94b7cd82b172fbc2c685e8a18578fc5dd3e519e7309771b8de6d2497184a",
            "rendered": "#cloud-config\n\nmanage_etc_hosts: true\nusers:\n  - name: wonko\n    sudo: ALL=(ALL) NOPASSWD:ALL\n    groups: users, admin\n    home: /home/wonko\n    shell: /bin/bash\n    lock_passwd: false\n    ssh-authorized-keys:\n      - ssh-rsa AAAAB3NzaC1yc2EAAAADAQABAAACAQCuJCWOjC5DjMZkbNvb4+Ma/qP1U0/rWV854rnU819TAR/+mH58I06nWK0m5a2b6e1k61V8ZXn+gB8SpsBSeDS4kNQNzrAtIZC7vJnfz55dHwGfqWbHGDeH5yujuTrPnHD4Ip4WAIUlgMo24z4d658Kz7SA/KqZiXvQNKuUrRdLPckUzAwqa0FeboRx68NJDrHv9tOEStSIeJCVLV0AJeGz3Fztz0uS1eVZzXLVurSSwuJXiReq7hgaec3UWXHz8KYiqp/hyLaJVWnDMEnYiidZGwal7jxePpM7iVSHAdyh2m1FK8tgbM7f8m7TkcKoh1vO1umGNM693130ghaZIpCCWva8TpvvmANN7TNKtay+/oec3Mq/kim5xNjlskJy2gVu/1AoG6C/N21eCrhOalYP1iFeqXzNDHsWaKmQ0iDUFDY3yGwlDTShCkD7jrMaBiEA+h/ndicT8e2z6z9T3DeJCKGDW3kz++6TJQnXb0amUmNDYaAFD/HILuOg0dd6dxoxQB+m/dfm1oBpb3gycLw5ZjmbYaNy/I+cbw9QYccHI+I0ZPNfkEEcyqslXnFEJ2gs0LABi0sFIu4mZfaEorE4Yw60d2vekCYf3LG8v+QWH72gysGUmXaV1x9lozqt+1ose7a6YJF01oybjBtJmLKJZgvj1L4ax5YQ+j4yCPlZ0Q== cardno:000615099390\n\n# only cert auth via ssh (console access can still login)\nssh_pwauth: false\ndisable_root: false\nchpasswd:\n  list: |\n     wonko:wonko\n  expire: False\n#run apt upgrade\npackage_update: true\npackage_upgrade: true\n#install packages\npackages:\n  - qemu-guest-agent\n# runcmd:\n#install docker in ubuntu\n  # - apt update -y\n  # - apt upgrade -y\nwrite_files:\n  - content: |\n      The quick brown fox jumped \n      over the lazy dog\n    path: /root/test.txt\n# written to /var/log/cloud-init-output.log\nfinal_message: \"The system is finall up, after $UPTIME seconds\"\n",
            "template": "#cloud-config\n\nmanage_etc_hosts: true\nusers:\n  - name: wonko\n    sudo: ALL=(ALL) NOPASSWD:ALL\n    groups: users, admin\n    home: /home/wonko\n    shell: /bin/bash\n    lock_passwd: false\n    ssh-authorized-keys:\n      - ${file(\"/home/wonko/.ssh/yubikey.pub\")}\n# only cert auth via ssh (console access can still login)\nssh_pwauth: false\ndisable_root: false\nchpasswd:\n  list: |\n     wonko:wonko\n  expire: False\n#run apt upgrade\npackage_update: true\npackage_upgrade: true\n#install packages\npackages:\n  - qemu-guest-agent\n# runcmd:\n#install docker in ubuntu\n  # - apt update -y\n  # - apt upgrade -y\nwrite_files:\n  - content: |\n      The quick brown fox jumped \n      over the lazy dog\n    path: /root/test.txt\n# written to /var/log/cloud-init-output.log\nfinal_message: \"The system is finall up, after $UPTIME seconds\"\n",
            "vars": {
              "fqdn": "master2.local",
              "hostname": "master2"
            }
          },
          "sensitive_attributes": []
        },
        {
          "index_key": 2,
          "schema_version": 0,
          "attributes": {
            "filename": null,
            "id": "d52a94b7cd82b172fbc2c685e8a18578fc5dd3e519e7309771b8de6d2497184a",
            "rendered": "#cloud-config\n\nmanage_etc_hosts: true\nusers:\n  - name: wonko\n    sudo: ALL=(ALL) NOPASSWD:ALL\n    groups: users, admin\n    home: /home/wonko\n    shell: /bin/bash\n    lock_passwd: false\n    ssh-authorized-keys:\n      - ssh-rsa AAAAB3NzaC1yc2EAAAADAQABAAACAQCuJCWOjC5DjMZkbNvb4+Ma/qP1U0/rWV854rnU819TAR/+mH58I06nWK0m5a2b6e1k61V8ZXn+gB8SpsBSeDS4kNQNzrAtIZC7vJnfz55dHwGfqWbHGDeH5yujuTrPnHD4Ip4WAIUlgMo24z4d658Kz7SA/KqZiXvQNKuUrRdLPckUzAwqa0FeboRx68NJDrHv9tOEStSIeJCVLV0AJeGz3Fztz0uS1eVZzXLVurSSwuJXiReq7hgaec3UWXHz8KYiqp/hyLaJVWnDMEnYiidZGwal7jxePpM7iVSHAdyh2m1FK8tgbM7f8m7TkcKoh1vO1umGNM693130ghaZIpCCWva8TpvvmANN7TNKtay+/oec3Mq/kim5xNjlskJy2gVu/1AoG6C/N21eCrhOalYP1iFeqXzNDHsWaKmQ0iDUFDY3yGwlDTShCkD7jrMaBiEA+h/ndicT8e2z6z9T3DeJCKGDW3kz++6TJQnXb0amUmNDYaAFD/HILuOg0dd6dxoxQB+m/dfm1oBpb3gycLw5ZjmbYaNy/I+cbw9QYccHI+I0ZPNfkEEcyqslXnFEJ2gs0LABi0sFIu4mZfaEorE4Yw60d2vekCYf3LG8v+QWH72gysGUmXaV1x9lozqt+1ose7a6YJF01oybjBtJmLKJZgvj1L4ax5YQ+j4yCPlZ0Q== cardno:000615099390\n\n# only cert auth via ssh (console access can still login)\nssh_pwauth: false\ndisable_root: false\nchpasswd:\n  list: |\n     wonko:wonko\n  expire: False\n#run apt upgrade\npackage_update: true\npackage_upgrade: true\n#install packages\npackages:\n  - qemu-guest-agent\n# runcmd:\n#install docker in ubuntu\n  # - apt update -y\n  # - apt upgrade -y\nwrite_files:\n  - content: |\n      The quick brown fox jumped \n      over the lazy dog\n    path: /root/test.txt\n# written to /var/log/cloud-init-output.log\nfinal_message: \"The system is finall up, after $UPTIME seconds\"\n",
            "template": "#cloud-config\n\nmanage_etc_hosts: true\nusers:\n  - name: wonko\n    sudo: ALL=(ALL) NOPASSWD:ALL\n    groups: users, admin\n    home: /home/wonko\n    shell: /bin/bash\n    lock_passwd: false\n    ssh-authorized-keys:\n      - ${file(\"/home/wonko/.ssh/yubikey.pub\")}\n# only cert auth via ssh (console access can still login)\nssh_pwauth: false\ndisable_root: false\nchpasswd:\n  list: |\n     wonko:wonko\n  expire: False\n#run apt upgrade\npackage_update: true\npackage_upgrade: true\n#install packages\npackages:\n  - qemu-guest-agent\n# runcmd:\n#install docker in ubuntu\n  # - apt update -y\n  # - apt upgrade -y\nwrite_files:\n  - content: |\n      The quick brown fox jumped \n      over the lazy dog\n    path: /root/test.txt\n# written to /var/log/cloud-init-output.log\nfinal_message: \"The system is finall up, after $UPTIME seconds\"\n",
            "vars": {
              "fqdn": "master3.local",
              "hostname": "master3"
            }
          },
          "sensitive_attributes": []
        },
        {
          "index_key": 3,
          "schema_version": 0,
          "attributes": {
            "filename": null,
            "id": "d52a94b7cd82b172fbc2c685e8a18578fc5dd3e519e7309771b8de6d2497184a",
            "rendered": "#cloud-config\n\nmanage_etc_hosts: true\nusers:\n  - name: wonko\n    sudo: ALL=(ALL) NOPASSWD:ALL\n    groups: users, admin\n    home: /home/wonko\n    shell: /bin/bash\n    lock_passwd: false\n    ssh-authorized-keys:\n      - ssh-rsa AAAAB3NzaC1yc2EAAAADAQABAAACAQCuJCWOjC5DjMZkbNvb4+Ma/qP1U0/rWV854rnU819TAR/+mH58I06nWK0m5a2b6e1k61V8ZXn+gB8SpsBSeDS4kNQNzrAtIZC7vJnfz55dHwGfqWbHGDeH5yujuTrPnHD4Ip4WAIUlgMo24z4d658Kz7SA/KqZiXvQNKuUrRdLPckUzAwqa0FeboRx68NJDrHv9tOEStSIeJCVLV0AJeGz3Fztz0uS1eVZzXLVurSSwuJXiReq7hgaec3UWXHz8KYiqp/hyLaJVWnDMEnYiidZGwal7jxePpM7iVSHAdyh2m1FK8tgbM7f8m7TkcKoh1vO1umGNM693130ghaZIpCCWva8TpvvmANN7TNKtay+/oec3Mq/kim5xNjlskJy2gVu/1AoG6C/N21eCrhOalYP1iFeqXzNDHsWaKmQ0iDUFDY3yGwlDTShCkD7jrMaBiEA+h/ndicT8e2z6z9T3DeJCKGDW3kz++6TJQnXb0amUmNDYaAFD/HILuOg0dd6dxoxQB+m/dfm1oBpb3gycLw5ZjmbYaNy/I+cbw9QYccHI+I0ZPNfkEEcyqslXnFEJ2gs0LABi0sFIu4mZfaEorE4Yw60d2vekCYf3LG8v+QWH72gysGUmXaV1x9lozqt+1ose7a6YJF01oybjBtJmLKJZgvj1L4ax5YQ+j4yCPlZ0Q== cardno:000615099390\n\n# only cert auth via ssh (console access can still login)\nssh_pwauth: false\ndisable_root: false\nchpasswd:\n  list: |\n     wonko:wonko\n  expire: False\n#run apt upgrade\npackage_update: true\npackage_upgrade: true\n#install packages\npackages:\n  - qemu-guest-agent\n# runcmd:\n#install docker in ubuntu\n  # - apt update -y\n  # - apt upgrade -y\nwrite_files:\n  - content: |\n      The quick brown fox jumped \n      over the lazy dog\n    path: /root/test.txt\n# written to /var/log/cloud-init-output.log\nfinal_message: \"The system is finall up, after $UPTIME seconds\"\n",
            "template": "#cloud-config\n\nmanage_etc_hosts: true\nusers:\n  - name: wonko\n    sudo: ALL=(ALL) NOPASSWD:ALL\n    groups: users, admin\n    home: /home/wonko\n    shell: /bin/bash\n    lock_passwd: false\n    ssh-authorized-keys:\n      - ${file(\"/home/wonko/.ssh/yubikey.pub\")}\n# only cert auth via ssh (console access can still login)\nssh_pwauth: false\ndisable_root: false\nchpasswd:\n  list: |\n     wonko:wonko\n  expire: False\n#run apt upgrade\npackage_update: true\npackage_upgrade: true\n#install packages\npackages:\n  - qemu-guest-agent\n# runcmd:\n#install docker in ubuntu\n  # - apt update -y\n  # - apt upgrade -y\nwrite_files:\n  - content: |\n      The quick brown fox jumped \n      over the lazy dog\n    path: /root/test.txt\n# written to /var/log/cloud-init-output.log\nfinal_message: \"The system is finall up, after $UPTIME seconds\"\n",
            "vars": {
              "fqdn": "worker1.local",
              "hostname": "worker1"
            }
          },
          "sensitive_attributes": []
        },
        {
          "index_key": 4,
          "schema_version": 0,
          "attributes": {
            "filename": null,
            "id": "d52a94b7cd82b172fbc2c685e8a18578fc5dd3e519e7309771b8de6d2497184a",
            "rendered": "#cloud-config\n\nmanage_etc_hosts: true\nusers:\n  - name: wonko\n    sudo: ALL=(ALL) NOPASSWD:ALL\n    groups: users, admin\n    home: /home/wonko\n    shell: /bin/bash\n    lock_passwd: false\n    ssh-authorized-keys:\n      - ssh-rsa AAAAB3NzaC1yc2EAAAADAQABAAACAQCuJCWOjC5DjMZkbNvb4+Ma/qP1U0/rWV854rnU819TAR/+mH58I06nWK0m5a2b6e1k61V8ZXn+gB8SpsBSeDS4kNQNzrAtIZC7vJnfz55dHwGfqWbHGDeH5yujuTrPnHD4Ip4WAIUlgMo24z4d658Kz7SA/KqZiXvQNKuUrRdLPckUzAwqa0FeboRx68NJDrHv9tOEStSIeJCVLV0AJeGz3Fztz0uS1eVZzXLVurSSwuJXiReq7hgaec3UWXHz8KYiqp/hyLaJVWnDMEnYiidZGwal7jxePpM7iVSHAdyh2m1FK8tgbM7f8m7TkcKoh1vO1umGNM693130ghaZIpCCWva8TpvvmANN7TNKtay+/oec3Mq/kim5xNjlskJy2gVu/1AoG6C/N21eCrhOalYP1iFeqXzNDHsWaKmQ0iDUFDY3yGwlDTShCkD7jrMaBiEA+h/ndicT8e2z6z9T3DeJCKGDW3kz++6TJQnXb0amUmNDYaAFD/HILuOg0dd6dxoxQB+m/dfm1oBpb3gycLw5ZjmbYaNy/I+cbw9QYccHI+I0ZPNfkEEcyqslXnFEJ2gs0LABi0sFIu4mZfaEorE4Yw60d2vekCYf3LG8v+QWH72gysGUmXaV1x9lozqt+1ose7a6YJF01oybjBtJmLKJZgvj1L4ax5YQ+j4yCPlZ0Q== cardno:000615099390\n\n# only cert auth via ssh (console access can still login)\nssh_pwauth: false\ndisable_root: false\nchpasswd:\n  list: |\n     wonko:wonko\n  expire: False\n#run apt upgrade\npackage_update: true\npackage_upgrade: true\n#install packages\npackages:\n  - qemu-guest-agent\n# runcmd:\n#install docker in ubuntu\n  # - apt update -y\n  # - apt upgrade -y\nwrite_files:\n  - content: |\n      The quick brown fox jumped \n      over the lazy dog\n    path: /root/test.txt\n# written to /var/log/cloud-init-output.log\nfinal_message: \"The system is finall up, after $UPTIME seconds\"\n",
            "template": "#cloud-config\n\nmanage_etc_hosts: true\nusers:\n  - name: wonko\n    sudo: ALL=(ALL) NOPASSWD:ALL\n    groups: users, admin\n    home: /home/wonko\n    shell: /bin/bash\n    lock_passwd: false\n    ssh-authorized-keys:\n      - ${file(\"/home/wonko/.ssh/yubikey.pub\")}\n# only cert auth via ssh (console access can still login)\nssh_pwauth: false\ndisable_root: false\nchpasswd:\n  list: |\n     wonko:wonko\n  expire: False\n#run apt upgrade\npackage_update: true\npackage_upgrade: true\n#install packages\npackages:\n  - qemu-guest-agent\n# runcmd:\n#install docker in ubuntu\n  # - apt update -y\n  # - apt upgrade -y\nwrite_files:\n  - content: |\n      The quick brown fox jumped \n      over the lazy dog\n    path: /root/test.txt\n# written to /var/log/cloud-init-output.log\nfinal_message: \"The system is finall up, after $UPTIME seconds\"\n",
            "vars": {
              "fqdn": "worker2.local",
              "hostname": "worker2"
            }
          },
          "sensitive_attributes": []
        },
        {
          "index_key": 5,
          "schema_version": 0,
          "attributes": {
            "filename": null,
            "id": "d52a94b7cd82b172fbc2c685e8a18578fc5dd3e519e7309771b8de6d2497184a",
            "rendered": "#cloud-config\n\nmanage_etc_hosts: true\nusers:\n  - name: wonko\n    sudo: ALL=(ALL) NOPASSWD:ALL\n    groups: users, admin\n    home: /home/wonko\n    shell: /bin/bash\n    lock_passwd: false\n    ssh-authorized-keys:\n      - ssh-rsa AAAAB3NzaC1yc2EAAAADAQABAAACAQCuJCWOjC5DjMZkbNvb4+Ma/qP1U0/rWV854rnU819TAR/+mH58I06nWK0m5a2b6e1k61V8ZXn+gB8SpsBSeDS4kNQNzrAtIZC7vJnfz55dHwGfqWbHGDeH5yujuTrPnHD4Ip4WAIUlgMo24z4d658Kz7SA/KqZiXvQNKuUrRdLPckUzAwqa0FeboRx68NJDrHv9tOEStSIeJCVLV0AJeGz3Fztz0uS1eVZzXLVurSSwuJXiReq7hgaec3UWXHz8KYiqp/hyLaJVWnDMEnYiidZGwal7jxePpM7iVSHAdyh2m1FK8tgbM7f8m7TkcKoh1vO1umGNM693130ghaZIpCCWva8TpvvmANN7TNKtay+/oec3Mq/kim5xNjlskJy2gVu/1AoG6C/N21eCrhOalYP1iFeqXzNDHsWaKmQ0iDUFDY3yGwlDTShCkD7jrMaBiEA+h/ndicT8e2z6z9T3DeJCKGDW3kz++6TJQnXb0amUmNDYaAFD/HILuOg0dd6dxoxQB+m/dfm1oBpb3gycLw5ZjmbYaNy/I+cbw9QYccHI+I0ZPNfkEEcyqslXnFEJ2gs0LABi0sFIu4mZfaEorE4Yw60d2vekCYf3LG8v+QWH72gysGUmXaV1x9lozqt+1ose7a6YJF01oybjBtJmLKJZgvj1L4ax5YQ+j4yCPlZ0Q== cardno:000615099390\n\n# only cert auth via ssh (console access can still login)\nssh_pwauth: false\ndisable_root: false\nchpasswd:\n  list: |\n     wonko:wonko\n  expire: False\n#run apt upgrade\npackage_update: true\npackage_upgrade: true\n#install packages\npackages:\n  - qemu-guest-agent\n# runcmd:\n#install docker in ubuntu\n  # - apt update -y\n  # - apt upgrade -y\nwrite_files:\n  - content: |\n      The quick brown fox jumped \n      over the lazy dog\n    path: /root/test.txt\n# written to /var/log/cloud-init-output.log\nfinal_message: \"The system is finall up, after $UPTIME seconds\"\n",
            "template": "#cloud-config\n\nmanage_etc_hosts: true\nusers:\n  - name: wonko\n    sudo: ALL=(ALL) NOPASSWD:ALL\n    groups: users, admin\n    home: /home/wonko\n    shell: /bin/bash\n    lock_passwd: false\n    ssh-authorized-keys:\n      - ${file(\"/home/wonko/.ssh/yubikey.pub\")}\n# only cert auth via ssh (console access can still login)\nssh_pwauth: false\ndisable_root: false\nchpasswd:\n  list: |\n     wonko:wonko\n  expire: False\n#run apt upgrade\npackage_update: true\npackage_upgrade: true\n#install packages\npackages:\n  - qemu-guest-agent\n# runcmd:\n#install docker in ubuntu\n  # - apt update -y\n  # - apt upgrade -y\nwrite_files:\n  - content: |\n      The quick brown fox jumped \n      over the lazy dog\n    path: /root/test.txt\n# written to /var/log/cloud-init-output.log\nfinal_message: \"The system is finall up, after $UPTIME seconds\"\n",
            "vars": {
              "fqdn": "worker3.local",
              "hostname": "worker3"
            }
          },
          "sensitive_attributes": []
        }
      ]
    },
    {
      "mode": "managed",
      "type": "libvirt_cloudinit_disk",
      "name": "commoninit",
      "provider": "provider[\"registry.terraform.io/dmacvicar/libvirt\"]",
      "instances": [
        {
          "index_key": 0,
          "schema_version": 0,
          "attributes": {
            "id": "/home/wonko/libvirt/images/master1-commoninit.iso;6f4a3456-fd8d-4562-b4e4-371cb6700cb5",
            "meta_data": "",
            "name": "master1-commoninit.iso",
            "network_config": "version: 2\nethernets:\n  ens3:\n    dhcp4: true\n  ens4:\n    dhcp4: true\n",
            "pool": "development",
            "user_data": "#cloud-config\n\nmanage_etc_hosts: true\nusers:\n  - name: wonko\n    sudo: ALL=(ALL) NOPASSWD:ALL\n    groups: users, admin\n    home: /home/wonko\n    shell: /bin/bash\n    lock_passwd: false\n    ssh-authorized-keys:\n      - ssh-rsa AAAAB3NzaC1yc2EAAAADAQABAAACAQCuJCWOjC5DjMZkbNvb4+Ma/qP1U0/rWV854rnU819TAR/+mH58I06nWK0m5a2b6e1k61V8ZXn+gB8SpsBSeDS4kNQNzrAtIZC7vJnfz55dHwGfqWbHGDeH5yujuTrPnHD4Ip4WAIUlgMo24z4d658Kz7SA/KqZiXvQNKuUrRdLPckUzAwqa0FeboRx68NJDrHv9tOEStSIeJCVLV0AJeGz3Fztz0uS1eVZzXLVurSSwuJXiReq7hgaec3UWXHz8KYiqp/hyLaJVWnDMEnYiidZGwal7jxePpM7iVSHAdyh2m1FK8tgbM7f8m7TkcKoh1vO1umGNM693130ghaZIpCCWva8TpvvmANN7TNKtay+/oec3Mq/kim5xNjlskJy2gVu/1AoG6C/N21eCrhOalYP1iFeqXzNDHsWaKmQ0iDUFDY3yGwlDTShCkD7jrMaBiEA+h/ndicT8e2z6z9T3DeJCKGDW3kz++6TJQnXb0amUmNDYaAFD/HILuOg0dd6dxoxQB+m/dfm1oBpb3gycLw5ZjmbYaNy/I+cbw9QYccHI+I0ZPNfkEEcyqslXnFEJ2gs0LABi0sFIu4mZfaEorE4Yw60d2vekCYf3LG8v+QWH72gysGUmXaV1x9lozqt+1ose7a6YJF01oybjBtJmLKJZgvj1L4ax5YQ+j4yCPlZ0Q== cardno:000615099390\n\n# only cert auth via ssh (console access can still login)\nssh_pwauth: false\ndisable_root: false\nchpasswd:\n  list: |\n     wonko:wonko\n  expire: False\n#run apt upgrade\npackage_update: true\npackage_upgrade: true\n#install packages\npackages:\n  - qemu-guest-agent\n# runcmd:\n#install docker in ubuntu\n  # - apt update -y\n  # - apt upgrade -y\nwrite_files:\n  - content: |\n      The quick brown fox jumped \n      over the lazy dog\n    path: /root/test.txt\n# written to /var/log/cloud-init-output.log\nfinal_message: \"The system is finall up, after $UPTIME seconds\"\n"
          },
          "sensitive_attributes": [],
          "private": "bnVsbA==",
          "dependencies": [
            "data.template_file.network_config",
            "data.template_file.user_data",
            "libvirt_pool.development"
          ]
        },
        {
          "index_key": 1,
          "schema_version": 0,
          "attributes": {
            "id": "/home/wonko/libvirt/images/master2-commoninit.iso;a00b5770-09a2-45a4-a0c3-c14e0ad1300b",
            "meta_data": "",
            "name": "master2-commoninit.iso",
            "network_config": "version: 2\nethernets:\n  ens3:\n    dhcp4: true\n  ens4:\n    dhcp4: true\n",
            "pool": "development",
            "user_data": "#cloud-config\n\nmanage_etc_hosts: true\nusers:\n  - name: wonko\n    sudo: ALL=(ALL) NOPASSWD:ALL\n    groups: users, admin\n    home: /home/wonko\n    shell: /bin/bash\n    lock_passwd: false\n    ssh-authorized-keys:\n      - ssh-rsa AAAAB3NzaC1yc2EAAAADAQABAAACAQCuJCWOjC5DjMZkbNvb4+Ma/qP1U0/rWV854rnU819TAR/+mH58I06nWK0m5a2b6e1k61V8ZXn+gB8SpsBSeDS4kNQNzrAtIZC7vJnfz55dHwGfqWbHGDeH5yujuTrPnHD4Ip4WAIUlgMo24z4d658Kz7SA/KqZiXvQNKuUrRdLPckUzAwqa0FeboRx68NJDrHv9tOEStSIeJCVLV0AJeGz3Fztz0uS1eVZzXLVurSSwuJXiReq7hgaec3UWXHz8KYiqp/hyLaJVWnDMEnYiidZGwal7jxePpM7iVSHAdyh2m1FK8tgbM7f8m7TkcKoh1vO1umGNM693130ghaZIpCCWva8TpvvmANN7TNKtay+/oec3Mq/kim5xNjlskJy2gVu/1AoG6C/N21eCrhOalYP1iFeqXzNDHsWaKmQ0iDUFDY3yGwlDTShCkD7jrMaBiEA+h/ndicT8e2z6z9T3DeJCKGDW3kz++6TJQnXb0amUmNDYaAFD/HILuOg0dd6dxoxQB+m/dfm1oBpb3gycLw5ZjmbYaNy/I+cbw9QYccHI+I0ZPNfkEEcyqslXnFEJ2gs0LABi0sFIu4mZfaEorE4Yw60d2vekCYf3LG8v+QWH72gysGUmXaV1x9lozqt+1ose7a6YJF01oybjBtJmLKJZgvj1L4ax5YQ+j4yCPlZ0Q== cardno:000615099390\n\n# only cert auth via ssh (console access can still login)\nssh_pwauth: false\ndisable_root: false\nchpasswd:\n  list: |\n     wonko:wonko\n  expire: False\n#run apt upgrade\npackage_update: true\npackage_upgrade: true\n#install packages\npackages:\n  - qemu-guest-agent\n# runcmd:\n#install docker in ubuntu\n  # - apt update -y\n  # - apt upgrade -y\nwrite_files:\n  - content: |\n      The quick brown fox jumped \n      over the lazy dog\n    path: /root/test.txt\n# written to /var/log/cloud-init-output.log\nfinal_message: \"The system is finall up, after $UPTIME seconds\"\n"
          },
          "sensitive_attributes": [],
          "private": "bnVsbA==",
          "dependencies": [
            "data.template_file.network_config",
            "data.template_file.user_data",
            "libvirt_pool.development"
          ]
        },
        {
          "index_key": 2,
          "schema_version": 0,
          "attributes": {
            "id": "/home/wonko/libvirt/images/master3-commoninit.iso;c54c6355-5719-4a1b-8365-ee0df51505ac",
            "meta_data": "",
            "name": "master3-commoninit.iso",
            "network_config": "version: 2\nethernets:\n  ens3:\n    dhcp4: true\n  ens4:\n    dhcp4: true\n",
            "pool": "development",
            "user_data": "#cloud-config\n\nmanage_etc_hosts: true\nusers:\n  - name: wonko\n    sudo: ALL=(ALL) NOPASSWD:ALL\n    groups: users, admin\n    home: /home/wonko\n    shell: /bin/bash\n    lock_passwd: false\n    ssh-authorized-keys:\n      - ssh-rsa AAAAB3NzaC1yc2EAAAADAQABAAACAQCuJCWOjC5DjMZkbNvb4+Ma/qP1U0/rWV854rnU819TAR/+mH58I06nWK0m5a2b6e1k61V8ZXn+gB8SpsBSeDS4kNQNzrAtIZC7vJnfz55dHwGfqWbHGDeH5yujuTrPnHD4Ip4WAIUlgMo24z4d658Kz7SA/KqZiXvQNKuUrRdLPckUzAwqa0FeboRx68NJDrHv9tOEStSIeJCVLV0AJeGz3Fztz0uS1eVZzXLVurSSwuJXiReq7hgaec3UWXHz8KYiqp/hyLaJVWnDMEnYiidZGwal7jxePpM7iVSHAdyh2m1FK8tgbM7f8m7TkcKoh1vO1umGNM693130ghaZIpCCWva8TpvvmANN7TNKtay+/oec3Mq/kim5xNjlskJy2gVu/1AoG6C/N21eCrhOalYP1iFeqXzNDHsWaKmQ0iDUFDY3yGwlDTShCkD7jrMaBiEA+h/ndicT8e2z6z9T3DeJCKGDW3kz++6TJQnXb0amUmNDYaAFD/HILuOg0dd6dxoxQB+m/dfm1oBpb3gycLw5ZjmbYaNy/I+cbw9QYccHI+I0ZPNfkEEcyqslXnFEJ2gs0LABi0sFIu4mZfaEorE4Yw60d2vekCYf3LG8v+QWH72gysGUmXaV1x9lozqt+1ose7a6YJF01oybjBtJmLKJZgvj1L4ax5YQ+j4yCPlZ0Q== cardno:000615099390\n\n# only cert auth via ssh (console access can still login)\nssh_pwauth: false\ndisable_root: false\nchpasswd:\n  list: |\n     wonko:wonko\n  expire: False\n#run apt upgrade\npackage_update: true\npackage_upgrade: true\n#install packages\npackages:\n  - qemu-guest-agent\n# runcmd:\n#install docker in ubuntu\n  # - apt update -y\n  # - apt upgrade -y\nwrite_files:\n  - content: |\n      The quick brown fox jumped \n      over the lazy dog\n    path: /root/test.txt\n# written to /var/log/cloud-init-output.log\nfinal_message: \"The system is finall up, after $UPTIME seconds\"\n"
          },
          "sensitive_attributes": [],
          "private": "bnVsbA==",
          "dependencies": [
            "data.template_file.network_config",
            "data.template_file.user_data",
            "libvirt_pool.development"
          ]
        },
        {
          "index_key": 3,
          "schema_version": 0,
          "attributes": {
            "id": "/home/wonko/libvirt/images/worker1-commoninit.iso;4bf67866-d6c1-4f08-99a3-8b2fae7f0663",
            "meta_data": "",
            "name": "worker1-commoninit.iso",
            "network_config": "version: 2\nethernets:\n  ens3:\n    dhcp4: true\n  ens4:\n    dhcp4: true\n",
            "pool": "development",
            "user_data": "#cloud-config\n\nmanage_etc_hosts: true\nusers:\n  - name: wonko\n    sudo: ALL=(ALL) NOPASSWD:ALL\n    groups: users, admin\n    home: /home/wonko\n    shell: /bin/bash\n    lock_passwd: false\n    ssh-authorized-keys:\n      - ssh-rsa AAAAB3NzaC1yc2EAAAADAQABAAACAQCuJCWOjC5DjMZkbNvb4+Ma/qP1U0/rWV854rnU819TAR/+mH58I06nWK0m5a2b6e1k61V8ZXn+gB8SpsBSeDS4kNQNzrAtIZC7vJnfz55dHwGfqWbHGDeH5yujuTrPnHD4Ip4WAIUlgMo24z4d658Kz7SA/KqZiXvQNKuUrRdLPckUzAwqa0FeboRx68NJDrHv9tOEStSIeJCVLV0AJeGz3Fztz0uS1eVZzXLVurSSwuJXiReq7hgaec3UWXHz8KYiqp/hyLaJVWnDMEnYiidZGwal7jxePpM7iVSHAdyh2m1FK8tgbM7f8m7TkcKoh1vO1umGNM693130ghaZIpCCWva8TpvvmANN7TNKtay+/oec3Mq/kim5xNjlskJy2gVu/1AoG6C/N21eCrhOalYP1iFeqXzNDHsWaKmQ0iDUFDY3yGwlDTShCkD7jrMaBiEA+h/ndicT8e2z6z9T3DeJCKGDW3kz++6TJQnXb0amUmNDYaAFD/HILuOg0dd6dxoxQB+m/dfm1oBpb3gycLw5ZjmbYaNy/I+cbw9QYccHI+I0ZPNfkEEcyqslXnFEJ2gs0LABi0sFIu4mZfaEorE4Yw60d2vekCYf3LG8v+QWH72gysGUmXaV1x9lozqt+1ose7a6YJF01oybjBtJmLKJZgvj1L4ax5YQ+j4yCPlZ0Q== cardno:000615099390\n\n# only cert auth via ssh (console access can still login)\nssh_pwauth: false\ndisable_root: false\nchpasswd:\n  list: |\n     wonko:wonko\n  expire: False\n#run apt upgrade\npackage_update: true\npackage_upgrade: true\n#install packages\npackages:\n  - qemu-guest-agent\n# runcmd:\n#install docker in ubuntu\n  # - apt update -y\n  # - apt upgrade -y\nwrite_files:\n  - content: |\n      The quick brown fox jumped \n      over the lazy dog\n    path: /root/test.txt\n# written to /var/log/cloud-init-output.log\nfinal_message: \"The system is finall up, after $UPTIME seconds\"\n"
          },
          "sensitive_attributes": [],
          "private": "bnVsbA==",
          "dependencies": [
            "data.template_file.network_config",
            "data.template_file.user_data",
            "libvirt_pool.development"
          ]
        },
        {
          "index_key": 4,
          "schema_version": 0,
          "attributes": {
            "id": "/home/wonko/libvirt/images/worker2-commoninit.iso;c95153ef-568a-4de1-80f8-ca0527b7f952",
            "meta_data": "",
            "name": "worker2-commoninit.iso",
            "network_config": "version: 2\nethernets:\n  ens3:\n    dhcp4: true\n  ens4:\n    dhcp4: true\n",
            "pool": "development",
            "user_data": "#cloud-config\n\nmanage_etc_hosts: true\nusers:\n  - name: wonko\n    sudo: ALL=(ALL) NOPASSWD:ALL\n    groups: users, admin\n    home: /home/wonko\n    shell: /bin/bash\n    lock_passwd: false\n    ssh-authorized-keys:\n      - ssh-rsa AAAAB3NzaC1yc2EAAAADAQABAAACAQCuJCWOjC5DjMZkbNvb4+Ma/qP1U0/rWV854rnU819TAR/+mH58I06nWK0m5a2b6e1k61V8ZXn+gB8SpsBSeDS4kNQNzrAtIZC7vJnfz55dHwGfqWbHGDeH5yujuTrPnHD4Ip4WAIUlgMo24z4d658Kz7SA/KqZiXvQNKuUrRdLPckUzAwqa0FeboRx68NJDrHv9tOEStSIeJCVLV0AJeGz3Fztz0uS1eVZzXLVurSSwuJXiReq7hgaec3UWXHz8KYiqp/hyLaJVWnDMEnYiidZGwal7jxePpM7iVSHAdyh2m1FK8tgbM7f8m7TkcKoh1vO1umGNM693130ghaZIpCCWva8TpvvmANN7TNKtay+/oec3Mq/kim5xNjlskJy2gVu/1AoG6C/N21eCrhOalYP1iFeqXzNDHsWaKmQ0iDUFDY3yGwlDTShCkD7jrMaBiEA+h/ndicT8e2z6z9T3DeJCKGDW3kz++6TJQnXb0amUmNDYaAFD/HILuOg0dd6dxoxQB+m/dfm1oBpb3gycLw5ZjmbYaNy/I+cbw9QYccHI+I0ZPNfkEEcyqslXnFEJ2gs0LABi0sFIu4mZfaEorE4Yw60d2vekCYf3LG8v+QWH72gysGUmXaV1x9lozqt+1ose7a6YJF01oybjBtJmLKJZgvj1L4ax5YQ+j4yCPlZ0Q== cardno:000615099390\n\n# only cert auth via ssh (console access can still login)\nssh_pwauth: false\ndisable_root: false\nchpasswd:\n  list: |\n     wonko:wonko\n  expire: False\n#run apt upgrade\npackage_update: true\npackage_upgrade: true\n#install packages\npackages:\n  - qemu-guest-agent\n# runcmd:\n#install docker in ubuntu\n  # - apt update -y\n  # - apt upgrade -y\nwrite_files:\n  - content: |\n      The quick brown fox jumped \n      over the lazy dog\n    path: /root/test.txt\n# written to /var/log/cloud-init-output.log\nfinal_message: \"The system is finall up, after $UPTIME seconds\"\n"
          },
          "sensitive_attributes": [],
          "private": "bnVsbA==",
          "dependencies": [
            "data.template_file.network_config",
            "data.template_file.user_data",
            "libvirt_pool.development"
          ]
        },
        {
          "index_key": 5,
          "schema_version": 0,
          "attributes": {
            "id": "/home/wonko/libvirt/images/worker3-commoninit.iso;677471ae-d831-44ff-ba9b-9b3dca01f36c",
            "meta_data": "",
            "name": "worker3-commoninit.iso",
            "network_config": "version: 2\nethernets:\n  ens3:\n    dhcp4: true\n  ens4:\n    dhcp4: true\n",
            "pool": "development",
            "user_data": "#cloud-config\n\nmanage_etc_hosts: true\nusers:\n  - name: wonko\n    sudo: ALL=(ALL) NOPASSWD:ALL\n    groups: users, admin\n    home: /home/wonko\n    shell: /bin/bash\n    lock_passwd: false\n    ssh-authorized-keys:\n      - ssh-rsa AAAAB3NzaC1yc2EAAAADAQABAAACAQCuJCWOjC5DjMZkbNvb4+Ma/qP1U0/rWV854rnU819TAR/+mH58I06nWK0m5a2b6e1k61V8ZXn+gB8SpsBSeDS4kNQNzrAtIZC7vJnfz55dHwGfqWbHGDeH5yujuTrPnHD4Ip4WAIUlgMo24z4d658Kz7SA/KqZiXvQNKuUrRdLPckUzAwqa0FeboRx68NJDrHv9tOEStSIeJCVLV0AJeGz3Fztz0uS1eVZzXLVurSSwuJXiReq7hgaec3UWXHz8KYiqp/hyLaJVWnDMEnYiidZGwal7jxePpM7iVSHAdyh2m1FK8tgbM7f8m7TkcKoh1vO1umGNM693130ghaZIpCCWva8TpvvmANN7TNKtay+/oec3Mq/kim5xNjlskJy2gVu/1AoG6C/N21eCrhOalYP1iFeqXzNDHsWaKmQ0iDUFDY3yGwlDTShCkD7jrMaBiEA+h/ndicT8e2z6z9T3DeJCKGDW3kz++6TJQnXb0amUmNDYaAFD/HILuOg0dd6dxoxQB+m/dfm1oBpb3gycLw5ZjmbYaNy/I+cbw9QYccHI+I0ZPNfkEEcyqslXnFEJ2gs0LABi0sFIu4mZfaEorE4Yw60d2vekCYf3LG8v+QWH72gysGUmXaV1x9lozqt+1ose7a6YJF01oybjBtJmLKJZgvj1L4ax5YQ+j4yCPlZ0Q== cardno:000615099390\n\n# only cert auth via ssh (console access can still login)\nssh_pwauth: false\ndisable_root: false\nchpasswd:\n  list: |\n     wonko:wonko\n  expire: False\n#run apt upgrade\npackage_update: true\npackage_upgrade: true\n#install packages\npackages:\n  - qemu-guest-agent\n# runcmd:\n#install docker in ubuntu\n  # - apt update -y\n  # - apt upgrade -y\nwrite_files:\n  - content: |\n      The quick brown fox jumped \n      over the lazy dog\n    path: /root/test.txt\n# written to /var/log/cloud-init-output.log\nfinal_message: \"The system is finall up, after $UPTIME seconds\"\n"
          },
          "sensitive_attributes": [],
          "private": "bnVsbA==",
          "dependencies": [
            "data.template_file.network_config",
            "data.template_file.user_data",
            "libvirt_pool.development"
          ]
        }
      ]
    },
    {
      "mode": "managed",
      "type": "libvirt_domain",
      "name": "domain-k3s",
      "provider": "provider[\"registry.terraform.io/dmacvicar/libvirt\"]",
      "instances": [
        {
          "index_key": 0,
          "schema_version": 0,
          "attributes": {
            "arch": "x86_64",
            "autostart": false,
            "boot_device": [],
            "cloudinit": "/home/wonko/libvirt/images/master1-commoninit.iso;6f4a3456-fd8d-4562-b4e4-371cb6700cb5",
            "cmdline": null,
            "console": [
              {
                "source_host": "127.0.0.1",
                "source_path": "",
                "source_service": "0",
                "target_port": "0",
                "target_type": "serial",
                "type": "pty"
              },
              {
                "source_host": "127.0.0.1",
                "source_path": "",
                "source_service": "0",
                "target_port": "1",
                "target_type": "virtio",
                "type": "pty"
              }
            ],
            "coreos_ignition": null,
            "cpu": [
              {
                "mode": "custom"
              }
            ],
            "description": "",
            "disk": [
              {
                "block_device": "",
                "file": "",
                "scsi": false,
                "url": "",
                "volume_id": "/home/wonko/libvirt/images/live_cd.master1",
                "wwn": ""
              },
              {
                "block_device": "",
                "file": "",
                "scsi": false,
                "url": "",
                "volume_id": "/home/wonko/libvirt/images/os_image.disk1.master1",
                "wwn": ""
              }
            ],
            "emulator": "/run/libvirt/nix-emulators/qemu-system-x86_64",
            "filesystem": [],
            "firmware": null,
            "fw_cfg_name": "opt/com.coreos/config",
            "graphics": [
              {
                "autoport": true,
                "listen_address": "127.0.0.1",
                "listen_type": "address",
                "type": "spice",
                "websocket": 0
              }
            ],
            "id": "fdb7c1e8-f301-48ce-85f3-6b785fe32426",
            "initrd": "",
            "kernel": "",
            "machine": "pc",
            "memory": 2048,
            "metadata": null,
            "name": "master1",
            "network_interface": [
              {
                "addresses": [
                  "10.22.20.10"
                ],
                "bridge": "",
                "hostname": "master1",
                "mac": "52:54:00:3A:F3:CA",
                "macvtap": "",
                "network_id": "6b5bcd03-4b6d-4bc0-80e9-fbf8e5d6e0c4",
                "network_name": "kube-public",
                "passthrough": "",
                "vepa": "",
                "wait_for_lease": true
              },
              {
                "addresses": [],
                "bridge": "",
                "hostname": "",
                "mac": "52:54:00:AE:76:F6",
                "macvtap": "",
                "network_id": "c62cbe35-bdf2-4e90-964e-163d7d347b33",
                "network_name": "kube-private",
                "passthrough": "",
                "vepa": "",
                "wait_for_lease": false
              }
            ],
            "nvram": [],
            "qemu_agent": false,
            "running": true,
            "timeouts": null,
            "tpm": [],
            "type": "kvm",
            "vcpu": 2,
            "video": [],
            "xml": []
          },
          "sensitive_attributes": [],
          "private": "eyJlMmJmYjczMC1lY2FhLTExZTYtOGY4OC0zNDM2M2JjN2M0YzAiOnsiY3JlYXRlIjozMDAwMDAwMDAwMDB9fQ==",
          "dependencies": [
            "data.template_file.network_config",
            "data.template_file.user_data",
            "libvirt_cloudinit_disk.commoninit",
            "libvirt_network.kube-private",
            "libvirt_network.kube-public",
            "libvirt_pool.development",
            "libvirt_volume.disk_1",
            "libvirt_volume.live_cd",
            "libvirt_volume.ubuntu24"
          ]
        },
        {
          "index_key": 1,
          "schema_version": 0,
          "attributes": {
            "arch": "x86_64",
            "autostart": false,
            "boot_device": [],
            "cloudinit": "/home/wonko/libvirt/images/master2-commoninit.iso;a00b5770-09a2-45a4-a0c3-c14e0ad1300b",
            "cmdline": null,
            "console": [
              {
                "source_host": "127.0.0.1",
                "source_path": "",
                "source_service": "0",
                "target_port": "0",
                "target_type": "serial",
                "type": "pty"
              },
              {
                "source_host": "127.0.0.1",
                "source_path": "",
                "source_service": "0",
                "target_port": "1",
                "target_type": "virtio",
                "type": "pty"
              }
            ],
            "coreos_ignition": null,
            "cpu": [
              {
                "mode": "custom"
              }
            ],
            "description": "",
            "disk": [
              {
                "block_device": "",
                "file": "",
                "scsi": false,
                "url": "",
                "volume_id": "/home/wonko/libvirt/images/live_cd.master2",
                "wwn": ""
              },
              {
                "block_device": "",
                "file": "",
                "scsi": false,
                "url": "",
                "volume_id": "/home/wonko/libvirt/images/os_image.disk1.master2",
                "wwn": ""
              }
            ],
            "emulator": "/run/libvirt/nix-emulators/qemu-system-x86_64",
            "filesystem": [],
            "firmware": null,
            "fw_cfg_name": "opt/com.coreos/config",
            "graphics": [
              {
                "autoport": true,
                "listen_address": "127.0.0.1",
                "listen_type": "address",
                "type": "spice",
                "websocket": 0
              }
            ],
            "id": "e6be0fd6-90ad-4d73-a183-6e2a67323f46",
            "initrd": "",
            "kernel": "",
            "machine": "pc",
            "memory": 2048,
            "metadata": null,
            "name": "master2",
            "network_interface": [
              {
                "addresses": [
                  "10.22.20.11"
                ],
                "bridge": "",
                "hostname": "master2",
                "mac": "52:54:00:4A:FF:F0",
                "macvtap": "",
                "network_id": "6b5bcd03-4b6d-4bc0-80e9-fbf8e5d6e0c4",
                "network_name": "kube-public",
                "passthrough": "",
                "vepa": "",
                "wait_for_lease": true
              },
              {
                "addresses": [],
                "bridge": "",
                "hostname": "",
                "mac": "52:54:00:DE:13:1A",
                "macvtap": "",
                "network_id": "c62cbe35-bdf2-4e90-964e-163d7d347b33",
                "network_name": "kube-private",
                "passthrough": "",
                "vepa": "",
                "wait_for_lease": false
              }
            ],
            "nvram": [],
            "qemu_agent": false,
            "running": true,
            "timeouts": null,
            "tpm": [],
            "type": "kvm",
            "vcpu": 2,
            "video": [],
            "xml": []
          },
          "sensitive_attributes": [],
          "private": "eyJlMmJmYjczMC1lY2FhLTExZTYtOGY4OC0zNDM2M2JjN2M0YzAiOnsiY3JlYXRlIjozMDAwMDAwMDAwMDB9fQ==",
          "dependencies": [
            "data.template_file.network_config",
            "data.template_file.user_data",
            "libvirt_cloudinit_disk.commoninit",
            "libvirt_network.kube-private",
            "libvirt_network.kube-public",
            "libvirt_pool.development",
            "libvirt_volume.disk_1",
            "libvirt_volume.live_cd",
            "libvirt_volume.ubuntu24"
          ]
        },
        {
          "index_key": 2,
          "schema_version": 0,
          "attributes": {
            "arch": "x86_64",
            "autostart": false,
            "boot_device": [],
            "cloudinit": "/home/wonko/libvirt/images/master3-commoninit.iso;c54c6355-5719-4a1b-8365-ee0df51505ac",
            "cmdline": null,
            "console": [
              {
                "source_host": "127.0.0.1",
                "source_path": "",
                "source_service": "0",
                "target_port": "0",
                "target_type": "serial",
                "type": "pty"
              },
              {
                "source_host": "127.0.0.1",
                "source_path": "",
                "source_service": "0",
                "target_port": "1",
                "target_type": "virtio",
                "type": "pty"
              }
            ],
            "coreos_ignition": null,
            "cpu": [
              {
                "mode": "custom"
              }
            ],
            "description": "",
            "disk": [
              {
                "block_device": "",
                "file": "",
                "scsi": false,
                "url": "",
                "volume_id": "/home/wonko/libvirt/images/live_cd.master3",
                "wwn": ""
              },
              {
                "block_device": "",
                "file": "",
                "scsi": false,
                "url": "",
                "volume_id": "/home/wonko/libvirt/images/os_image.disk1.master3",
                "wwn": ""
              }
            ],
            "emulator": "/run/libvirt/nix-emulators/qemu-system-x86_64",
            "filesystem": [],
            "firmware": null,
            "fw_cfg_name": "opt/com.coreos/config",
            "graphics": [
              {
                "autoport": true,
                "listen_address": "127.0.0.1",
                "listen_type": "address",
                "type": "spice",
                "websocket": 0
              }
            ],
            "id": "0f1d1f81-6e39-483d-bc21-a60ce1bedc67",
            "initrd": "",
            "kernel": "",
            "machine": "pc",
            "memory": 2048,
            "metadata": null,
            "name": "master3",
            "network_interface": [
              {
                "addresses": [
                  "10.22.20.12"
                ],
                "bridge": "",
                "hostname": "master3",
                "mac": "52:54:00:B6:8B:66",
                "macvtap": "",
                "network_id": "6b5bcd03-4b6d-4bc0-80e9-fbf8e5d6e0c4",
                "network_name": "kube-public",
                "passthrough": "",
                "vepa": "",
                "wait_for_lease": true
              },
              {
                "addresses": [],
                "bridge": "",
                "hostname": "",
                "mac": "52:54:00:32:68:7C",
                "macvtap": "",
                "network_id": "c62cbe35-bdf2-4e90-964e-163d7d347b33",
                "network_name": "kube-private",
                "passthrough": "",
                "vepa": "",
                "wait_for_lease": false
              }
            ],
            "nvram": [],
            "qemu_agent": false,
            "running": true,
            "timeouts": null,
            "tpm": [],
            "type": "kvm",
            "vcpu": 2,
            "video": [],
            "xml": []
          },
          "sensitive_attributes": [],
          "private": "eyJlMmJmYjczMC1lY2FhLTExZTYtOGY4OC0zNDM2M2JjN2M0YzAiOnsiY3JlYXRlIjozMDAwMDAwMDAwMDB9fQ==",
          "dependencies": [
            "data.template_file.network_config",
            "data.template_file.user_data",
            "libvirt_cloudinit_disk.commoninit",
            "libvirt_network.kube-private",
            "libvirt_network.kube-public",
            "libvirt_pool.development",
            "libvirt_volume.disk_1",
            "libvirt_volume.live_cd",
            "libvirt_volume.ubuntu24"
          ]
        },
        {
          "index_key": 3,
          "schema_version": 0,
          "attributes": {
            "arch": "x86_64",
            "autostart": false,
            "boot_device": [],
            "cloudinit": "/home/wonko/libvirt/images/worker1-commoninit.iso;4bf67866-d6c1-4f08-99a3-8b2fae7f0663",
            "cmdline": null,
            "console": [
              {
                "source_host": "127.0.0.1",
                "source_path": "",
                "source_service": "0",
                "target_port": "0",
                "target_type": "serial",
                "type": "pty"
              },
              {
                "source_host": "127.0.0.1",
                "source_path": "",
                "source_service": "0",
                "target_port": "1",
                "target_type": "virtio",
                "type": "pty"
              }
            ],
            "coreos_ignition": null,
            "cpu": [
              {
                "mode": "custom"
              }
            ],
            "description": "",
            "disk": [
              {
                "block_device": "",
                "file": "",
                "scsi": false,
                "url": "",
                "volume_id": "/home/wonko/libvirt/images/live_cd.worker1",
                "wwn": ""
              },
              {
                "block_device": "",
                "file": "",
                "scsi": false,
                "url": "",
                "volume_id": "/home/wonko/libvirt/images/os_image.disk1.worker1",
                "wwn": ""
              }
            ],
            "emulator": "/run/libvirt/nix-emulators/qemu-system-x86_64",
            "filesystem": [],
            "firmware": null,
            "fw_cfg_name": "opt/com.coreos/config",
            "graphics": [
              {
                "autoport": true,
                "listen_address": "127.0.0.1",
                "listen_type": "address",
                "type": "spice",
                "websocket": 0
              }
            ],
            "id": "8225647d-d1c1-4396-bc21-8e2e1fbccc96",
            "initrd": "",
            "kernel": "",
            "machine": "pc",
            "memory": 16384,
            "metadata": null,
            "name": "worker1",
            "network_interface": [
              {
                "addresses": [
                  "10.22.20.13"
                ],
                "bridge": "",
                "hostname": "worker1",
                "mac": "52:54:00:5E:C1:B3",
                "macvtap": "",
                "network_id": "6b5bcd03-4b6d-4bc0-80e9-fbf8e5d6e0c4",
                "network_name": "kube-public",
                "passthrough": "",
                "vepa": "",
                "wait_for_lease": true
              },
              {
                "addresses": [],
                "bridge": "",
                "hostname": "",
                "mac": "52:54:00:1A:03:EB",
                "macvtap": "",
                "network_id": "c62cbe35-bdf2-4e90-964e-163d7d347b33",
                "network_name": "kube-private",
                "passthrough": "",
                "vepa": "",
                "wait_for_lease": false
              }
            ],
            "nvram": [],
            "qemu_agent": false,
            "running": true,
            "timeouts": null,
            "tpm": [],
            "type": "kvm",
            "vcpu": 4,
            "video": [],
            "xml": []
          },
          "sensitive_attributes": [],
          "private": "eyJlMmJmYjczMC1lY2FhLTExZTYtOGY4OC0zNDM2M2JjN2M0YzAiOnsiY3JlYXRlIjozMDAwMDAwMDAwMDB9fQ==",
          "dependencies": [
            "data.template_file.network_config",
            "data.template_file.user_data",
            "libvirt_cloudinit_disk.commoninit",
            "libvirt_network.kube-private",
            "libvirt_network.kube-public",
            "libvirt_pool.development",
            "libvirt_volume.disk_1",
            "libvirt_volume.live_cd",
            "libvirt_volume.ubuntu24"
          ]
        },
        {
          "index_key": 4,
          "schema_version": 0,
          "attributes": {
            "arch": "x86_64",
            "autostart": false,
            "boot_device": [],
            "cloudinit": "/home/wonko/libvirt/images/worker2-commoninit.iso;c95153ef-568a-4de1-80f8-ca0527b7f952",
            "cmdline": null,
            "console": [
              {
                "source_host": "127.0.0.1",
                "source_path": "",
                "source_service": "0",
                "target_port": "0",
                "target_type": "serial",
                "type": "pty"
              },
              {
                "source_host": "127.0.0.1",
                "source_path": "",
                "source_service": "0",
                "target_port": "1",
                "target_type": "virtio",
                "type": "pty"
              }
            ],
            "coreos_ignition": null,
            "cpu": [
              {
                "mode": "custom"
              }
            ],
            "description": "",
            "disk": [
              {
                "block_device": "",
                "file": "",
                "scsi": false,
                "url": "",
                "volume_id": "/home/wonko/libvirt/images/live_cd.worker2",
                "wwn": ""
              },
              {
                "block_device": "",
                "file": "",
                "scsi": false,
                "url": "",
                "volume_id": "/home/wonko/libvirt/images/os_image.disk1.worker2",
                "wwn": ""
              }
            ],
            "emulator": "/run/libvirt/nix-emulators/qemu-system-x86_64",
            "filesystem": [],
            "firmware": null,
            "fw_cfg_name": "opt/com.coreos/config",
            "graphics": [
              {
                "autoport": true,
                "listen_address": "127.0.0.1",
                "listen_type": "address",
                "type": "spice",
                "websocket": 0
              }
            ],
            "id": "193a84bf-83d3-4431-adab-c9d436de2604",
            "initrd": "",
            "kernel": "",
            "machine": "pc",
            "memory": 16384,
            "metadata": null,
            "name": "worker2",
            "network_interface": [
              {
                "addresses": [
                  "10.22.20.14"
                ],
                "bridge": "",
                "hostname": "worker2",
                "mac": "52:54:00:C2:3A:ED",
                "macvtap": "",
                "network_id": "6b5bcd03-4b6d-4bc0-80e9-fbf8e5d6e0c4",
                "network_name": "kube-public",
                "passthrough": "",
                "vepa": "",
                "wait_for_lease": true
              },
              {
                "addresses": [],
                "bridge": "",
                "hostname": "",
                "mac": "52:54:00:22:63:D0",
                "macvtap": "",
                "network_id": "c62cbe35-bdf2-4e90-964e-163d7d347b33",
                "network_name": "kube-private",
                "passthrough": "",
                "vepa": "",
                "wait_for_lease": false
              }
            ],
            "nvram": [],
            "qemu_agent": false,
            "running": true,
            "timeouts": null,
            "tpm": [],
            "type": "kvm",
            "vcpu": 4,
            "video": [],
            "xml": []
          },
          "sensitive_attributes": [],
          "private": "eyJlMmJmYjczMC1lY2FhLTExZTYtOGY4OC0zNDM2M2JjN2M0YzAiOnsiY3JlYXRlIjozMDAwMDAwMDAwMDB9fQ==",
          "dependencies": [
            "data.template_file.network_config",
            "data.template_file.user_data",
            "libvirt_cloudinit_disk.commoninit",
            "libvirt_network.kube-private",
            "libvirt_network.kube-public",
            "libvirt_pool.development",
            "libvirt_volume.disk_1",
            "libvirt_volume.live_cd",
            "libvirt_volume.ubuntu24"
          ]
        },
        {
          "index_key": 5,
          "schema_version": 0,
          "attributes": {
            "arch": "x86_64",
            "autostart": false,
            "boot_device": [],
            "cloudinit": "/home/wonko/libvirt/images/worker3-commoninit.iso;677471ae-d831-44ff-ba9b-9b3dca01f36c",
            "cmdline": null,
            "console": [
              {
                "source_host": "127.0.0.1",
                "source_path": "",
                "source_service": "0",
                "target_port": "0",
                "target_type": "serial",
                "type": "pty"
              },
              {
                "source_host": "127.0.0.1",
                "source_path": "",
                "source_service": "0",
                "target_port": "1",
                "target_type": "virtio",
                "type": "pty"
              }
            ],
            "coreos_ignition": null,
            "cpu": [
              {
                "mode": "custom"
              }
            ],
            "description": "",
            "disk": [
              {
                "block_device": "",
                "file": "",
                "scsi": false,
                "url": "",
                "volume_id": "/home/wonko/libvirt/images/live_cd.worker3",
                "wwn": ""
              },
              {
                "block_device": "",
                "file": "",
                "scsi": false,
                "url": "",
                "volume_id": "/home/wonko/libvirt/images/os_image.disk1.worker3",
                "wwn": ""
              }
            ],
            "emulator": "/run/libvirt/nix-emulators/qemu-system-x86_64",
            "filesystem": [],
            "firmware": null,
            "fw_cfg_name": "opt/com.coreos/config",
            "graphics": [
              {
                "autoport": true,
                "listen_address": "127.0.0.1",
                "listen_type": "address",
                "type": "spice",
                "websocket": 0
              }
            ],
            "id": "e5531c00-d36b-4d00-884c-2407eb14f2a5",
            "initrd": "",
            "kernel": "",
            "machine": "pc",
            "memory": 16384,
            "metadata": null,
            "name": "worker3",
            "network_interface": [
              {
                "addresses": [
                  "10.22.20.15"
                ],
                "bridge": "",
                "hostname": "worker3",
                "mac": "52:54:00:AA:0A:E9",
                "macvtap": "",
                "network_id": "6b5bcd03-4b6d-4bc0-80e9-fbf8e5d6e0c4",
                "network_name": "kube-public",
                "passthrough": "",
                "vepa": "",
                "wait_for_lease": true
              },
              {
                "addresses": [],
                "bridge": "",
                "hostname": "",
                "mac": "52:54:00:82:81:8E",
                "macvtap": "",
                "network_id": "c62cbe35-bdf2-4e90-964e-163d7d347b33",
                "network_name": "kube-private",
                "passthrough": "",
                "vepa": "",
                "wait_for_lease": false
              }
            ],
            "nvram": [],
            "qemu_agent": false,
            "running": true,
            "timeouts": null,
            "tpm": [],
            "type": "kvm",
            "vcpu": 4,
            "video": [],
            "xml": []
          },
          "sensitive_attributes": [],
          "private": "eyJlMmJmYjczMC1lY2FhLTExZTYtOGY4OC0zNDM2M2JjN2M0YzAiOnsiY3JlYXRlIjozMDAwMDAwMDAwMDB9fQ==",
          "dependencies": [
            "data.template_file.network_config",
            "data.template_file.user_data",
            "libvirt_cloudinit_disk.commoninit",
            "libvirt_network.kube-private",
            "libvirt_network.kube-public",
            "libvirt_pool.development",
            "libvirt_volume.disk_1",
            "libvirt_volume.live_cd",
            "libvirt_volume.ubuntu24"
          ]
        }
      ]
    },
    {
      "mode": "managed",
      "type": "libvirt_network",
      "name": "kube-private",
      "provider": "provider[\"registry.terraform.io/dmacvicar/libvirt\"]",
      "instances": [
        {
          "schema_version": 0,
          "attributes": {
            "addresses": null,
            "autostart": true,
            "bridge": "virbr1",
            "dhcp": null,
            "dns": [
              {
                "enabled": false,
                "forwarders": [],
                "hosts": [],
                "local_only": false,
                "srvs": []
              }
            ],
            "dnsmasq_options": [],
            "domain": null,
            "id": "c62cbe35-bdf2-4e90-964e-163d7d347b33",
            "mode": "none",
            "mtu": null,
            "name": "kube-private",
            "routes": [],
            "xml": []
          },
          "sensitive_attributes": [],
          "private": "bnVsbA=="
        }
      ]
    },
    {
      "mode": "managed",
      "type": "libvirt_network",
      "name": "kube-public",
      "provider": "provider[\"registry.terraform.io/dmacvicar/libvirt\"]",
      "instances": [
        {
          "schema_version": 0,
          "attributes": {
            "addresses": [
              "10.22.20.0/24"
            ],
            "autostart": true,
            "bridge": "virbr2",
            "dhcp": [
              {
                "enabled": true
              }
            ],
            "dns": [
              {
                "enabled": true,
                "forwarders": [
                  {
                    "address": "10.42.0.1",
                    "domain": "4amlunch.net"
                  }
                ],
                "hosts": [],
                "local_only": false,
                "srvs": []
              }
            ],
            "dnsmasq_options": [],
            "domain": "4amlunch.net",
            "id": "6b5bcd03-4b6d-4bc0-80e9-fbf8e5d6e0c4",
            "mode": "nat",
            "mtu": null,
            "name": "kube-public",
            "routes": [],
            "xml": []
          },
          "sensitive_attributes": [],
          "private": "bnVsbA=="
        }
      ]
    },
    {
      "mode": "managed",
      "type": "libvirt_pool",
      "name": "development",
      "provider": "provider[\"registry.terraform.io/dmacvicar/libvirt\"]",
      "instances": [
        {
          "schema_version": 0,
          "attributes": {
            "allocation": 783389425664,
            "available": 1035018174464,
            "capacity": 1818407600128,
            "id": "2401d796-fdc4-4e6f-a0b4-4e25763baef2",
            "name": "development",
            "path": "/home/wonko/libvirt/images",
            "type": "dir",
            "xml": []
          },
          "sensitive_attributes": [],
          "private": "bnVsbA=="
        }
      ]
    },
    {
      "mode": "managed",
      "type": "libvirt_volume",
      "name": "disk_1",
      "provider": "provider[\"registry.terraform.io/dmacvicar/libvirt\"]",
      "instances": [
        {
          "index_key": 0,
          "schema_version": 0,
          "attributes": {
            "base_volume_id": null,
            "base_volume_name": null,
            "base_volume_pool": null,
            "format": "qcow2",
            "id": "/home/wonko/libvirt/images/os_image.disk1.master1",
            "name": "os_image.disk1.master1",
            "pool": "development",
            "size": 107374182400,
            "source": null,
            "xml": []
          },
          "sensitive_attributes": [],
          "private": "bnVsbA==",
          "dependencies": [
            "libvirt_pool.development"
          ]
        },
        {
          "index_key": 1,
          "schema_version": 0,
          "attributes": {
            "base_volume_id": null,
            "base_volume_name": null,
            "base_volume_pool": null,
            "format": "qcow2",
            "id": "/home/wonko/libvirt/images/os_image.disk1.master2",
            "name": "os_image.disk1.master2",
            "pool": "development",
            "size": 107374182400,
            "source": null,
            "xml": []
          },
          "sensitive_attributes": [],
          "private": "bnVsbA==",
          "dependencies": [
            "libvirt_pool.development"
          ]
        },
        {
          "index_key": 2,
          "schema_version": 0,
          "attributes": {
            "base_volume_id": null,
            "base_volume_name": null,
            "base_volume_pool": null,
            "format": "qcow2",
            "id": "/home/wonko/libvirt/images/os_image.disk1.master3",
            "name": "os_image.disk1.master3",
            "pool": "development",
            "size": 107374182400,
            "source": null,
            "xml": []
          },
          "sensitive_attributes": [],
          "private": "bnVsbA==",
          "dependencies": [
            "libvirt_pool.development"
          ]
        },
        {
          "index_key": 3,
          "schema_version": 0,
          "attributes": {
            "base_volume_id": null,
            "base_volume_name": null,
            "base_volume_pool": null,
            "format": "qcow2",
            "id": "/home/wonko/libvirt/images/os_image.disk1.worker1",
            "name": "os_image.disk1.worker1",
            "pool": "development",
            "size": 107374182400,
            "source": null,
            "xml": []
          },
          "sensitive_attributes": [],
          "private": "bnVsbA==",
          "dependencies": [
            "libvirt_pool.development"
          ]
        },
        {
          "index_key": 4,
          "schema_version": 0,
          "attributes": {
            "base_volume_id": null,
            "base_volume_name": null,
            "base_volume_pool": null,
            "format": "qcow2",
            "id": "/home/wonko/libvirt/images/os_image.disk1.worker2",
            "name": "os_image.disk1.worker2",
            "pool": "development",
            "size": 107374182400,
            "source": null,
            "xml": []
          },
          "sensitive_attributes": [],
          "private": "bnVsbA==",
          "dependencies": [
            "libvirt_pool.development"
          ]
        },
        {
          "index_key": 5,
          "schema_version": 0,
          "attributes": {
            "base_volume_id": null,
            "base_volume_name": null,
            "base_volume_pool": null,
            "format": "qcow2",
            "id": "/home/wonko/libvirt/images/os_image.disk1.worker3",
            "name": "os_image.disk1.worker3",
            "pool": "development",
            "size": 107374182400,
            "source": null,
            "xml": []
          },
          "sensitive_attributes": [],
          "private": "bnVsbA==",
          "dependencies": [
            "libvirt_pool.development"
          ]
        }
      ]
    },
    {
      "mode": "managed",
      "type": "libvirt_volume",
      "name": "live_cd",
      "provider": "provider[\"registry.terraform.io/dmacvicar/libvirt\"]",
      "instances": [
        {
          "index_key": 0,
          "schema_version": 0,
          "attributes": {
            "base_volume_id": "/home/wonko/libvirt/images/ubuntu24",
            "base_volume_name": null,
            "base_volume_pool": null,
            "format": "qcow2",
            "id": "/home/wonko/libvirt/images/live_cd.master1",
            "name": "live_cd.master1",
            "pool": "development",
            "size": 107374182400,
            "source": null,
            "xml": []
          },
          "sensitive_attributes": [],
          "private": "bnVsbA==",
          "dependencies": [
            "libvirt_pool.development",
            "libvirt_volume.ubuntu24"
          ]
        },
        {
          "index_key": 1,
          "schema_version": 0,
          "attributes": {
            "base_volume_id": "/home/wonko/libvirt/images/ubuntu24",
            "base_volume_name": null,
            "base_volume_pool": null,
            "format": "qcow2",
            "id": "/home/wonko/libvirt/images/live_cd.master2",
            "name": "live_cd.master2",
            "pool": "development",
            "size": 107374182400,
            "source": null,
            "xml": []
          },
          "sensitive_attributes": [],
          "private": "bnVsbA==",
          "dependencies": [
            "libvirt_pool.development",
            "libvirt_volume.ubuntu24"
          ]
        },
        {
          "index_key": 2,
          "schema_version": 0,
          "attributes": {
            "base_volume_id": "/home/wonko/libvirt/images/ubuntu24",
            "base_volume_name": null,
            "base_volume_pool": null,
            "format": "qcow2",
            "id": "/home/wonko/libvirt/images/live_cd.master3",
            "name": "live_cd.master3",
            "pool": "development",
            "size": 107374182400,
            "source": null,
            "xml": []
          },
          "sensitive_attributes": [],
          "private": "bnVsbA==",
          "dependencies": [
            "libvirt_pool.development",
            "libvirt_volume.ubuntu24"
          ]
        },
        {
          "index_key": 3,
          "schema_version": 0,
          "attributes": {
            "base_volume_id": "/home/wonko/libvirt/images/ubuntu24",
            "base_volume_name": null,
            "base_volume_pool": null,
            "format": "qcow2",
            "id": "/home/wonko/libvirt/images/live_cd.worker1",
            "name": "live_cd.worker1",
            "pool": "development",
            "size": 107374182400,
            "source": null,
            "xml": []
          },
          "sensitive_attributes": [],
          "private": "bnVsbA==",
          "dependencies": [
            "libvirt_pool.development",
            "libvirt_volume.ubuntu24"
          ]
        },
        {
          "index_key": 4,
          "schema_version": 0,
          "attributes": {
            "base_volume_id": "/home/wonko/libvirt/images/ubuntu24",
            "base_volume_name": null,
            "base_volume_pool": null,
            "format": "qcow2",
            "id": "/home/wonko/libvirt/images/live_cd.worker2",
            "name": "live_cd.worker2",
            "pool": "development",
            "size": 107374182400,
            "source": null,
            "xml": []
          },
          "sensitive_attributes": [],
          "private": "bnVsbA==",
          "dependencies": [
            "libvirt_pool.development",
            "libvirt_volume.ubuntu24"
          ]
        },
        {
          "index_key": 5,
          "schema_version": 0,
          "attributes": {
            "base_volume_id": "/home/wonko/libvirt/images/ubuntu24",
            "base_volume_name": null,
            "base_volume_pool": null,
            "format": "qcow2",
            "id": "/home/wonko/libvirt/images/live_cd.worker3",
            "name": "live_cd.worker3",
            "pool": "development",
            "size": 107374182400,
            "source": null,
            "xml": []
          },
          "sensitive_attributes": [],
          "private": "bnVsbA==",
          "dependencies": [
            "libvirt_pool.development",
            "libvirt_volume.ubuntu24"
          ]
        }
      ]
    },
    {
      "mode": "managed",
      "type": "libvirt_volume",
      "name": "ubuntu24",
      "provider": "provider[\"registry.terraform.io/dmacvicar/libvirt\"]",
      "instances": [
        {
          "schema_version": 0,
          "attributes": {
            "base_volume_id": null,
            "base_volume_name": null,
            "base_volume_pool": null,
            "format": "qcow2",
            "id": "/home/wonko/libvirt/images/ubuntu24",
            "name": "ubuntu24",
            "pool": "development",
            "size": 3758096384,
            "source": "/home/wonko/ISOs/ubuntu-24.04-server-cloudimg-amd64.img",
            "xml": []
          },
          "sensitive_attributes": [],
          "private": "bnVsbA==",
          "dependencies": [
            "libvirt_pool.development"
          ]
        }
      ]
    },
    {
      "mode": "managed",
      "type": "null_resource",
      "name": "shutdowner",
      "provider": "provider[\"registry.terraform.io/hashicorp/null\"]",
      "instances": [
        {
          "index_key": "master1",
          "schema_version": 0,
          "attributes": {
            "id": "3473056434615893000",
            "triggers": {
              "trigger": "true"
            }
          },
          "sensitive_attributes": []
        },
        {
          "index_key": "master2",
          "schema_version": 0,
          "attributes": {
            "id": "2937249772614446187",
            "triggers": {
              "trigger": "true"
            }
          },
          "sensitive_attributes": []
        },
        {
          "index_key": "master3",
          "schema_version": 0,
          "attributes": {
            "id": "2906932039349541343",
            "triggers": {
              "trigger": "true"
            }
          },
          "sensitive_attributes": []
        },
        {
          "index_key": "worker1",
          "schema_version": 0,
          "attributes": {
            "id": "7897888655231756894",
            "triggers": {
              "trigger": "true"
            }
          },
          "sensitive_attributes": []
        },
        {
          "index_key": "worker2",
          "schema_version": 0,
          "attributes": {
            "id": "1781666567674801893",
            "triggers": {
              "trigger": "true"
            }
          },
          "sensitive_attributes": []
        },
        {
          "index_key": "worker3",
          "schema_version": 0,
          "attributes": {
            "id": "1059191513928121953",
            "triggers": {
              "trigger": "true"
            }
          },
          "sensitive_attributes": []
        }
      ]
    }
  ],
  "check_results": null
}
